
Microsoft Visual Studio Solution File, Format Version 12.00
# Visual Studio Version 17
VisualStudioVersion = 17.2.32616.157
MinimumVisualStudioVersion = 10.0.40219.1
Project("{FAE04EC0-301F-11D3-BF4B-00C04F79EFBC}") = "Projeto", "Projeto\Projeto.csproj", "{2B63C11A-1152-4F53-A065-46F1C35C5EC6}"
EndProject
Project("{FAE04EC0-301F-11D3-BF4B-00C04F79EFBC}") = "Trabalhando_Com_Strings", "Trablhando_Com_Strings\Trabalhando_Com_Strings.csproj", "{E749D0DF-6DC8-4048-A3E5-363309BE4AAD}"
EndProject
Global
	GlobalSection(SolutionConfigurationPlatforms) = preSolution
		Debug|Any CPU = Debug|Any CPU
		Release|Any CPU = Release|Any CPU
	EndGlobalSection
	GlobalSection(ProjectConfigurationPlatforms) = postSolution
		{2B63C11A-1152-4F53-A065-46F1C35C5EC6}.Debug|Any CPU.ActiveCfg = Debug|Any CPU
		{2B63C11A-1152-4F53-A065-46F1C35C5EC6}.Debug|Any CPU.Build.0 = Debug|Any CPU
		{2B63C11A-1152-4F53-A065-46F1C35C5EC6}.Release|Any CPU.ActiveCfg = Release|Any CPU
		{2B63C11A-1152-4F53-A065-46F1C35C5EC6}.Release|Any CPU.Build.0 = Release|Any CPU
		{E749D0DF-6DC8-4048-A3E5-363309BE4AAD}.Debug|Any CPU.ActiveCfg = Debug|Any CPU
		{E749D0DF-6DC8-4048-A3E5-363309BE4AAD}.Debug|Any CPU.Build.0 = Debug|Any CPU
		{E749D0DF-6DC8-4048-A3E5-363309BE4AAD}.Release|Any CPU.ActiveCfg = Release|Any CPU
		{E749D0DF-6DC8-4048-A3E5-363309BE4AAD}.Release|Any CPU.Build.0 = Release|Any CPU
	EndGlobalSection
	GlobalSection(SolutionProperties) = preSolution
		HideSolutionNode = FALSE
	EndGlobalSection
	GlobalSection(ExtensibilityGlobals) = postSolution
		SolutionGuid = {23550A28-E2AD-46F8-8645-AC44AB249F41}
	EndGlobalSection
EndGlobal
